
Microsoft Visual Studio Solution File, Format Version 12.00
# Visual Studio 15
VisualStudioVersion = 15.0.27703.2000
MinimumVisualStudioVersion = 10.0.40219.1
Project("{FAE04EC0-301F-11D3-BF4B-00C04F79EFBC}") = "ORMBenchmarks", "ORMBenchmarks\ORMBenchmarks.csproj", "{517C76E9-9EB3-469E-80B6-DF09308081D2}"
EndProject
Project("{FAE04EC0-301F-11D3-BF4B-00C04F79EFBC}") = "ORMBenchmarks.Model", "ORMBenchmarks.Model\ORMBenchmarks.Model.csproj", "{24A9B93F-8B67-40B6-ABCA-DD3B782CDA2E}"
EndProject
Project("{FAE04EC0-301F-11D3-BF4B-00C04F79EFBC}") = "SqlBenchmarks", "SqlBenchmarks\SqlBenchmarks.csproj", "{56EC6407-BC59-4C06-B472-293C5736C243}"
EndProject
Global
	GlobalSection(SolutionConfigurationPlatforms) = preSolution
		Debug|Any CPU = Debug|Any CPU
		Release|Any CPU = Release|Any CPU
	EndGlobalSection
	GlobalSection(ProjectConfigurationPlatforms) = postSolution
		{517C76E9-9EB3-469E-80B6-DF09308081D2}.Debug|Any CPU.ActiveCfg = Debug|Any CPU
		{517C76E9-9EB3-469E-80B6-DF09308081D2}.Debug|Any CPU.Build.0 = Debug|Any CPU
		{517C76E9-9EB3-469E-80B6-DF09308081D2}.Release|Any CPU.ActiveCfg = Release|Any CPU
		{517C76E9-9EB3-469E-80B6-DF09308081D2}.Release|Any CPU.Build.0 = Release|Any CPU
		{24A9B93F-8B67-40B6-ABCA-DD3B782CDA2E}.Debug|Any CPU.ActiveCfg = Debug|Any CPU
		{24A9B93F-8B67-40B6-ABCA-DD3B782CDA2E}.Debug|Any CPU.Build.0 = Debug|Any CPU
		{24A9B93F-8B67-40B6-ABCA-DD3B782CDA2E}.Release|Any CPU.ActiveCfg = Release|Any CPU
		{24A9B93F-8B67-40B6-ABCA-DD3B782CDA2E}.Release|Any CPU.Build.0 = Release|Any CPU
		{56EC6407-BC59-4C06-B472-293C5736C243}.Debug|Any CPU.ActiveCfg = Debug|Any CPU
		{56EC6407-BC59-4C06-B472-293C5736C243}.Debug|Any CPU.Build.0 = Debug|Any CPU
		{56EC6407-BC59-4C06-B472-293C5736C243}.Release|Any CPU.ActiveCfg = Release|Any CPU
		{56EC6407-BC59-4C06-B472-293C5736C243}.Release|Any CPU.Build.0 = Release|Any CPU
	EndGlobalSection
	GlobalSection(SolutionProperties) = preSolution
		HideSolutionNode = FALSE
	EndGlobalSection
	GlobalSection(ExtensibilityGlobals) = postSolution
		SolutionGuid = {C3AEAC7E-EDC8-4D46-97B4-9E6E20368E9A}
	EndGlobalSection
EndGlobal
